<?xml version="1.0" encoding="utf-8"?>
<Project ToolsVersion="4.0" xmlns="http://schemas.microsoft.com/developer/msbuild/2003">
  <ItemGroup>
    <Filter Include="Source Files">
      <UniqueIdentifier>{d042f735-f1f1-44e8-bf7f-a3b36a6c1ebb}</UniqueIdentifier>
      <Extensions>cpp;c;cxx;rc;def;r;odl;idl;hpj;bat</Extensions>
    </Filter>
    <Filter Include="Header Files">
      <UniqueIdentifier>{d32c7992-191c-4264-806d-305b926ccfe3}</UniqueIdentifier>
      <Extensions>h;hpp;hxx;hm;inl</Extensions>
    </Filter>
    <Filter Include="Resource Files">
      <UniqueIdentifier>{f8aaf77a-052d-4605-8739-f0ce9d9f235c}</UniqueIdentifier>
      <Extensions>ico;cur;bmp;dlg;rc2;rct;bin;rgs;gif;jpg;jpeg;jpe</Extensions>
    </Filter>
  </ItemGroup>
  <ItemGroup>
    <ClCompile Include="..\benchmark.c">
      <Filter>Source Files</Filter>
    </ClCompile>
    <ClCompile Include="..\dl_c_iso8583_v0_0_3\dl_iso8583.c">
      <Filter>Source Files</Filter>
    </ClCompile>
    <ClCompile Include="..\dl_c_iso8583_v0_0_3\dl_iso8583_common.c">
      <Filter>Source Files</Filter>
    </ClCompile>
    <ClCompile Include="..\dl_c_iso8583_v0_0_3\dl_iso8583_defs_1987.c">
      <Filter>Source Files</Filter>
    </ClCompile>
    <ClCompile Include="..\dl_c_iso8583_v0_0_3\dl_iso8583_fields.c">
      <Filter>Source Files</Filter>
    </ClCompile>
    <ClCompile Include="..\dl_c_common_v0_0_2\dl_mem.c">
      <Filter>Source Files</Filter>
    </ClCompile>
    <ClCompile Include="..\dl_c_common_v0_0_2\dl_str.c">
      <Filter>Source Files</Filter>
    </ClCompile>
    <ClCompile Include="..\dl_c_common_v0_0_2\dl_time.c">
      <Filter>Source Files</Filter>
    </ClCompile>
    <ClCompile Include="..\dl_c_common_v0_0_2\dl_timer.c">
      <Filter>Source Files</Filter>
    </ClCompile>
  </ItemGroup>
  <ItemGroup>
    <ClInclude Include="..\dl_c_common_v0_0_2\dl_base.h">
      <Filter>Header Files</Filter>
    </ClInclude>
    <ClInclude Include="..\dl_c_common_v0_0_2\dl_err.h">
      <Filter>Header Files</Filter>
    </ClInclude>
    <ClInclude Include="..\dl_c_iso8583_v0_0_3\dl_iso8583.h">
      <Filter>Header Files</Filter>
    </ClInclude>
    <ClInclude Include="..\dl_c_iso8583_v0_0_3\dl_iso8583_common.h">
      <Filter>Header Files</Filter>
    </ClInclude>
    <ClInclude Include="..\dl_c_iso8583_v0_0_3\dl_iso8583_defs_1987.h">
      <Filter>Header Files</Filter>
    </ClInclude>
    <ClInclude Include="..\dl_c_iso8583_v0_0_3\dl_iso8583_fields.h">
      <Filter>Header Files</Filter>
    </ClInclude>
    <ClInclude Include="..\dl_c_common_v0_0_2\dl_mem.h">
      <Filter>Header Files</Filter>
    </ClInclude>
    <ClInclude Include="..\dl_c_common_v0_0_2\dl_str.h">
      <Filter>Header Files</Filter>
    </ClInclude>
    <ClInclude Include="..\dl_c_common_v0_0_2\dl_time.h">
      <Filter>Header Files</Filter>
    </ClInclude>
    <ClInclude Include="..\dl_c_common_v0_0_2\dl_timer.h">
      <Filter>Header Files</Filter>
    </ClInclude>
  </ItemGroup>
</Project>